PODS:
  - JTSImageViewController (1.5.1)
  - Masonry (1.0.1)
  - MJExtension (3.0.13)
  - MJRefresh (3.1.12)
  - SDWebImage (3.8.1):
    - SDWebImage/Core (= 3.8.1)
  - SDWebImage/Core (3.8.1)
  - SKTagView (0.9.2)
  - UITableView+FDTemplateLayoutCell (1.6)

DEPENDENCIES:
  - JTSImageViewController
  - Masonry
  - MJExtension
  - MJRefresh
  - SDWebImage
  - SKTagView
  - UITableView+FDTemplateLayoutCell

SPEC CHECKSUMS:
  JTSImageViewController: 1f8ce1cc93dab0d0af8e53badeea7528560cfec9
  Masonry: a1a931a0d08870ed8ae415a2ea5ea68ebcac77df
  MJExtension: 5932755f451458eefa24239358817f8d291240c7
  MJRefresh: b96cdb21c4aa75a7b07654311ab2f315c497e806
  SDWebImage: 35f9627a3e44b4f292a8a8ce6a531fa488239b91
  SKTagView: 59cdadcd16e4a09300746ad1811a72371e1327f7
  UITableView+FDTemplateLayoutCell: 5c949b4a5059c404b442926c0e80f81d10a2d66f

PODFILE CHECKSUM: 6fa5bd847688a05accb014fedd390120d9f2887f

COCOAPODS: 1.1.1
