// !$*UTF8*$!
{
	archiveVersion = 1;
	classes = {
	};
	objectVersion = 46;
	objects = {

/* Begin PBXBuildFile section */
		B15BE6191D839A000014FBF0 /* main.m in Sources */ = {isa = PBXBuildFile; fileRef = B15BE6181D839A000014FBF0 /* main.m */; };
		B15BE61C1D839A000014FBF0 /* AppDelegate.m in Sources */ = {isa = PBXBuildFile; fileRef = B15BE61B1D839A000014FBF0 /* AppDelegate.m */; };
		B15BE61F1D839A000014FBF0 /* ViewController.m in Sources */ = {isa = PBXBuildFile; fileRef = B15BE61E1D839A000014FBF0 /* ViewController.m */; };
		B15BE6221D839A000014FBF0 /* Main.storyboard in Resources */ = {isa = PBXBuildFile; fileRef = B15BE6201D839A000014FBF0 /* Main.storyboard */; };
		B15BE6241D839A000014FBF0 /* Assets.xcassets in Resources */ = {isa = PBXBuildFile; fileRef = B15BE6231D839A000014FBF0 /* Assets.xcassets */; };
		B15BE6271D839A000014FBF0 /* LaunchScreen.storyboard in Resources */ = {isa = PBXBuildFile; fileRef = B15BE6251D839A000014FBF0 /* LaunchScreen.storyboard */; };
		B15BE6321D839A000014FBF0 /* TaoBaoShoppingCartTests.m in Sources */ = {isa = PBXBuildFile; fileRef = B15BE6311D839A000014FBF0 /* TaoBaoShoppingCartTests.m */; };
		B15BE63D1D839A010014FBF0 /* TaoBaoShoppingCartUITests.m in Sources */ = {isa = PBXBuildFile; fileRef = B15BE63C1D839A010014FBF0 /* TaoBaoShoppingCartUITests.m */; };
/* End PBXBuildFile section */

/* Begin PBXContainerItemProxy section */
		B15BE62E1D839A000014FBF0 /* PBXContainerItemProxy */ = {
			isa = PBXContainerItemProxy;
			containerPortal = B15BE60C1D839A000014FBF0 /* Project object */;
			proxyType = 1;
			remoteGlobalIDString = B15BE6131D839A000014FBF0;
			remoteInfo = TaoBaoShoppingCart;
		};
		B15BE6391D839A010014FBF0 /* PBXContainerItemProxy */ = {
			isa = PBXContainerItemProxy;
			containerPortal = B15BE60C1D839A000014FBF0 /* Project object */;
			proxyType = 1;
			remoteGlobalIDString = B15BE6131D839A000014FBF0;
			remoteInfo = TaoBaoShoppingCart;
		};
/* End PBXContainerItemProxy section */

/* Begin PBXFileReference section */
		B15BE6141D839A000014FBF0 /* TaoBaoShoppingCart.app */ = {isa = PBXFileReference; explicitFileType = wrapper.application; includeInIndex = 0; path = TaoBaoShoppingCart.app; sourceTree = BUILT_PRODUCTS_DIR; };
		B15BE6181D839A000014FBF0 /* main.m */ = {isa = PBXFileReference; lastKnownFileType = sourcecode.c.objc; path = main.m; sourceTree = "<group>"; };
		B15BE61A1D839A000014FBF0 /* AppDelegate.h */ = {isa = PBXFileReference; lastKnownFileType = sourcecode.c.h; path = AppDelegate.h; sourceTree = "<group>"; };
		B15BE61B1D839A000014FBF0 /* AppDelegate.m */ = {isa = PBXFileReference; lastKnownFileType = sourcecode.c.objc; path = AppDelegate.m; sourceTree = "<group>"; };
		B15BE61D1D839A000014FBF0 /* ViewController.h */ = {isa = PBXFileReference; lastKnownFileType = sourcecode.c.h; path = ViewController.h; sourceTree = "<group>"; };
		B15BE61E1D839A000014FBF0 /* ViewController.m */ = {isa = PBXFileReference; lastKnownFileType = sourcecode.c.objc; path = ViewController.m; sourceTree = "<group>"; };
		B15BE6211D839A000014FBF0 /* Base */ = {isa = PBXFileReference; lastKnownFileType = file.storyboard; name = Base; path = Base.lproj/Main.storyboard; sourceTree = "<group>"; };
		B15BE6231D839A000014FBF0 /* Assets.xcassets */ = {isa = PBXFileReference; lastKnownFileType = folder.assetcatalog; path = Assets.xcassets; sourceTree = "<group>"; };
		B15BE6261D839A000014FBF0 /* Base */ = {isa = PBXFileReference; lastKnownFileType = file.storyboard; name = Base; path = Base.lproj/LaunchScreen.storyboard; sourceTree = "<group>"; };
		B15BE6281D839A000014FBF0 /* Info.plist */ = {isa = PBXFileReference; lastKnownFileType = text.plist.xml; path = Info.plist; sourceTree = "<group>"; };
		B15BE62D1D839A000014FBF0 /* TaoBaoShoppingCartTests.xctest */ = {isa = PBXFileReference; explicitFileType = wrapper.cfbundle; includeInIndex = 0; path = TaoBaoShoppingCartTests.xctest; sourceTree = BUILT_PRODUCTS_DIR; };
		B15BE6311D839A000014FBF0 /* TaoBaoShoppingCartTests.m */ = {isa = PBXFileReference; lastKnownFileType = sourcecode.c.objc; path = TaoBaoShoppingCartTests.m; sourceTree = "<group>"; };
		B15BE6331D839A000014FBF0 /* Info.plist */ = {isa = PBXFileReference; lastKnownFileType = text.plist.xml; path = Info.plist; sourceTree = "<group>"; };
		B15BE6381D839A010014FBF0 /* TaoBaoShoppingCartUITests.xctest */ = {isa = PBXFileReference; explicitFileType = wrapper.cfbundle; includeInIndex = 0; path = TaoBaoShoppingCartUITests.xctest; sourceTree = BUILT_PRODUCTS_DIR; };
		B15BE63C1D839A010014FBF0 /* TaoBaoShoppingCartUITests.m */ = {isa = PBXFileReference; lastKnownFileType = sourcecode.c.objc; path = TaoBaoShoppingCartUITests.m; sourceTree = "<group>"; };
		B15BE63E1D839A010014FBF0 /* Info.plist */ = {isa = PBXFileReference; lastKnownFileType = text.plist.xml; path = Info.plist; sourceTree = "<group>"; };
/* End PBXFileReference section */

/* Begin PBXFrameworksBuildPhase section */
		B15BE6111D839A000014FBF0 /* Frameworks */ = {
			isa = PBXFrameworksBuildPhase;
			buildActionMask = 2147483647;
			files = (
			);
			runOnlyForDeploymentPostprocessing = 0;
		};
		B15BE62A1D839A000014FBF0 /* Frameworks */ = {
			isa = PBXFrameworksBuildPhase;
			buildActionMask = 2147483647;
			files = (
			);
			runOnlyForDeploymentPostprocessing = 0;
		};
		B15BE6351D839A010014FBF0 /* Frameworks */ = {
			isa = PBXFrameworksBuildPhase;
			buildActionMask = 2147483647;
			files = (
			);
			runOnlyForDeploymentPostprocessing = 0;
		};
/* End PBXFrameworksBuildPhase section */

/* Begin PBXGroup section */
		B15BE60B1D839A000014FBF0 = {
			isa = PBXGroup;
			children = (
				B15BE6161D839A000014FBF0 /* TaoBaoShoppingCart */,
				B15BE6301D839A000014FBF0 /* TaoBaoShoppingCartTests */,
				B15BE63B1D839A010014FBF0 /* TaoBaoShoppingCartUITests */,
				B15BE6151D839A000014FBF0 /* Products */,
			);
			sourceTree = "<group>";
		};
		B15BE6151D839A000014FBF0 /* Products */ = {
			isa = PBXGroup;
			children = (
				B15BE6141D839A000014FBF0 /* TaoBaoShoppingCart.app */,
				B15BE62D1D839A000014FBF0 /* TaoBaoShoppingCartTests.xctest */,
				B15BE6381D839A010014FBF0 /* TaoBaoShoppingCartUITests.xctest */,
			);
			name = Products;
			sourceTree = "<group>";
		};
		B15BE6161D839A000014FBF0 /* TaoBaoShoppingCart */ = {
			isa = PBXGroup;
			children = (
				B15BE61A1D839A000014FBF0 /* AppDelegate.h */,
				B15BE61B1D839A000014FBF0 /* AppDelegate.m */,
				B15BE61D1D839A000014FBF0 /* ViewController.h */,
				B15BE61E1D839A000014FBF0 /* ViewController.m */,
				B15BE6201D839A000014FBF0 /* Main.storyboard */,
				B15BE6231D839A000014FBF0 /* Assets.xcassets */,
				B15BE6251D839A000014FBF0 /* LaunchScreen.storyboard */,
				B15BE6281D839A000014FBF0 /* Info.plist */,
				B15BE6171D839A000014FBF0 /* Supporting Files */,
			);
			path = TaoBaoShoppingCart;
			sourceTree = "<group>";
		};
		B15BE6171D839A000014FBF0 /* Supporting Files */ = {
			isa = PBXGroup;
			children = (
				B15BE6181D839A000014FBF0 /* main.m */,
			);
			name = "Supporting Files";
			sourceTree = "<group>";
		};
		B15BE6301D839A000014FBF0 /* TaoBaoShoppingCartTests */ = {
			isa = PBXGroup;
			children = (
				B15BE6311D839A000014FBF0 /* TaoBaoShoppingCartTests.m */,
				B15BE6331D839A000014FBF0 /* Info.plist */,
			);
			path = TaoBaoShoppingCartTests;
			sourceTree = "<group>";
		};
		B15BE63B1D839A010014FBF0 /* TaoBaoShoppingCartUITests */ = {
			isa = PBXGroup;
			children = (
				B15BE63C1D839A010014FBF0 /* TaoBaoShoppingCartUITests.m */,
				B15BE63E1D839A010014FBF0 /* Info.plist */,
			);
			path = TaoBaoShoppingCartUITests;
			sourceTree = "<group>";
		};
/* End PBXGroup section */

/* Begin PBXNativeTarget section */
		B15BE6131D839A000014FBF0 /* TaoBaoShoppingCart */ = {
			isa = PBXNativeTarget;
			buildConfigurationList = B15BE6411D839A010014FBF0 /* Build configuration list for PBXNativeTarget "TaoBaoShoppingCart" */;
			buildPhases = (
				B15BE6101D839A000014FBF0 /* Sources */,
				B15BE6111D839A000014FBF0 /* Frameworks */,
				B15BE6121D839A000014FBF0 /* Resources */,
			);
			buildRules = (
			);
			dependencies = (
			);
			name = TaoBaoShoppingCart;
			productName = TaoBaoShoppingCart;
			productReference = B15BE6141D839A000014FBF0 /* TaoBaoShoppingCart.app */;
			productType = "com.apple.product-type.application";
		};
		B15BE62C1D839A000014FBF0 /* TaoBaoShoppingCartTests */ = {
			isa = PBXNativeTarget;
			buildConfigurationList = B15BE6441D839A010014FBF0 /* Build configuration list for PBXNativeTarget "TaoBaoShoppingCartTests" */;
			buildPhases = (
				B15BE6291D839A000014FBF0 /* Sources */,
				B15BE62A1D839A000014FBF0 /* Frameworks */,
				B15BE62B1D839A000014FBF0 /* Resources */,
			);
			buildRules = (
			);
			dependencies = (
				B15BE62F1D839A000014FBF0 /* PBXTargetDependency */,
			);
			name = TaoBaoShoppingCartTests;
			productName = TaoBaoShoppingCartTests;
			productReference = B15BE62D1D839A000014FBF0 /* TaoBaoShoppingCartTests.xctest */;
			productType = "com.apple.product-type.bundle.unit-test";
		};
		B15BE6371D839A010014FBF0 /* TaoBaoShoppingCartUITests */ = {
			isa = PBXNativeTarget;
			buildConfigurationList = B15BE6471D839A010014FBF0 /* Build configuration list for PBXNativeTarget "TaoBaoShoppingCartUITests" */;
			buildPhases = (
				B15BE6341D839A010014FBF0 /* Sources */,
				B15BE6351D839A010014FBF0 /* Frameworks */,
				B15BE6361D839A010014FBF0 /* Resources */,
			);
			buildRules = (
			);
			dependencies = (
				B15BE63A1D839A010014FBF0 /* PBXTargetDependency */,
			);
			name = TaoBaoShoppingCartUITests;
			productName = TaoBaoShoppingCartUITests;
			productReference = B15BE6381D839A010014FBF0 /* TaoBaoShoppingCartUITests.xctest */;
			productType = "com.apple.product-type.bundle.ui-testing";
		};
/* End PBXNativeTarget section */

/* Begin PBXProject section */
		B15BE60C1D839A000014FBF0 /* Project object */ = {
			isa = PBXProject;
			attributes = {
				LastUpgradeCheck = 0730;
				ORGANIZATIONNAME = MKJING;
				TargetAttributes = {
					B15BE6131D839A000014FBF0 = {
						CreatedOnToolsVersion = 7.3.1;
					};
					B15BE62C1D839A000014FBF0 = {
						CreatedOnToolsVersion = 7.3.1;
						TestTargetID = B15BE6131D839A000014FBF0;
					};
					B15BE6371D839A010014FBF0 = {
						CreatedOnToolsVersion = 7.3.1;
						TestTargetID = B15BE6131D839A000014FBF0;
					};
				};
			};
			buildConfigurationList = B15BE60F1D839A000014FBF0 /* Build configuration list for PBXProject "TaoBaoShoppingCart" */;
			compatibilityVersion = "Xcode 3.2";
			developmentRegion = English;
			hasScannedForEncodings = 0;
			knownRegions = (
				en,
				Base,
			);
			mainGroup = B15BE60B1D839A000014FBF0;
			productRefGroup = B15BE6151D839A000014FBF0 /* Products */;
			projectDirPath = "";
			projectRoot = "";
			targets = (
				B15BE6131D839A000014FBF0 /* TaoBaoShoppingCart */,
				B15BE62C1D839A000014FBF0 /* TaoBaoShoppingCartTests */,
				B15BE6371D839A010014FBF0 /* TaoBaoShoppingCartUITests */,
			);
		};
/* End PBXProject section */

/* Begin PBXResourcesBuildPhase section */
		B15BE6121D839A000014FBF0 /* Resources */ = {
			isa = PBXResourcesBuildPhase;
			buildActionMask = 2147483647;
			files = (
				B15BE6271D839A000014FBF0 /* LaunchScreen.storyboard in Resources */,
				B15BE6241D839A000014FBF0 /* Assets.xcassets in Resources */,
				B15BE6221D839A000014FBF0 /* Main.storyboard in Resources */,
			);
			runOnlyForDeploymentPostprocessing = 0;
		};
		B15BE62B1D839A000014FBF0 /* Resources */ = {
			isa = PBXResourcesBuildPhase;
			buildActionMask = 2147483647;
			files = (
			);
			runOnlyForDeploymentPostprocessing = 0;
		};
		B15BE6361D839A010014FBF0 /* Resources */ = {
			isa = PBXResourcesBuildPhase;
			buildActionMask = 2147483647;
			files = (
			);
			runOnlyForDeploymentPostprocessing = 0;
		};
/* End PBXResourcesBuildPhase section */

/* Begin PBXSourcesBuildPhase section */
		B15BE6101D839A000014FBF0 /* Sources */ = {
			isa = PBXSourcesBuildPhase;
			buildActionMask = 2147483647;
			files = (
				B15BE61F1D839A000014FBF0 /* ViewController.m in Sources */,
				B15BE61C1D839A000014FBF0 /* AppDelegate.m in Sources */,
				B15BE6191D839A000014FBF0 /* main.m in Sources */,
			);
			runOnlyForDeploymentPostprocessing = 0;
		};
		B15BE6291D839A000014FBF0 /* Sources */ = {
			isa = PBXSourcesBuildPhase;
			buildActionMask = 2147483647;
			files = (
				B15BE6321D839A000014FBF0 /* TaoBaoShoppingCartTests.m in Sources */,
			);
			runOnlyForDeploymentPostprocessing = 0;
		};
		B15BE6341D839A010014FBF0 /* Sources */ = {
			isa = PBXSourcesBuildPhase;
			buildActionMask = 2147483647;
			files = (
				B15BE63D1D839A010014FBF0 /* TaoBaoShoppingCartUITests.m in Sources */,
			);
			runOnlyForDeploymentPostprocessing = 0;
		};
/* End PBXSourcesBuildPhase section */

/* Begin PBXTargetDependency section */
		B15BE62F1D839A000014FBF0 /* PBXTargetDependency */ = {
			isa = PBXTargetDependency;
			target = B15BE6131D839A000014FBF0 /* TaoBaoShoppingCart */;
			targetProxy = B15BE62E1D839A000014FBF0 /* PBXContainerItemProxy */;
		};
		B15BE63A1D839A010014FBF0 /* PBXTargetDependency */ = {
			isa = PBXTargetDependency;
			target = B15BE6131D839A000014FBF0 /* TaoBaoShoppingCart */;
			targetProxy = B15BE6391D839A010014FBF0 /* PBXContainerItemProxy */;
		};
/* End PBXTargetDependency section */

/* Begin PBXVariantGroup section */
		B15BE6201D839A000014FBF0 /* Main.storyboard */ = {
			isa = PBXVariantGroup;
			children = (
				B15BE6211D839A000014FBF0 /* Base */,
			);
			name = Main.storyboard;
			sourceTree = "<group>";
		};
		B15BE6251D839A000014FBF0 /* LaunchScreen.storyboard */ = {
			isa = PBXVariantGroup;
			children = (
				B15BE6261D839A000014FBF0 /* Base */,
			);
			name = LaunchScreen.storyboard;
			sourceTree = "<group>";
		};
/* End PBXVariantGroup section */

/* Begin XCBuildConfiguration section */
		B15BE63F1D839A010014FBF0 /* Debug */ = {
			isa = XCBuildConfiguration;
			buildSettings = {
				ALWAYS_SEARCH_USER_PATHS = NO;
				CLANG_ANALYZER_NONNULL = YES;
				CLANG_CXX_LANGUAGE_STANDARD = "gnu++0x";
				CLANG_CXX_LIBRARY = "libc++";
				CLANG_ENABLE_MODULES = YES;
				CLANG_ENABLE_OBJC_ARC = YES;
				CLANG_WARN_BOOL_CONVERSION = YES;
				CLANG_WARN_CONSTANT_CONVERSION = YES;
				CLANG_WARN_DIRECT_OBJC_ISA_USAGE = YES_ERROR;
				CLANG_WARN_EMPTY_BODY = YES;
				CLANG_WARN_ENUM_CONVERSION = YES;
				CLANG_WARN_INT_CONVERSION = YES;
				CLANG_WARN_OBJC_ROOT_CLASS = YES_ERROR;
				CLANG_WARN_UNREACHABLE_CODE = YES;
				CLANG_WARN__DUPLICATE_METHOD_MATCH = YES;
				"CODE_SIGN_IDENTITY[sdk=iphoneos*]" = "iPhone Developer";
				COPY_PHASE_STRIP = NO;
				DEBUG_INFORMATION_FORMAT = dwarf;
				ENABLE_STRICT_OBJC_MSGSEND = YES;
				ENABLE_TESTABILITY = YES;
				GCC_C_LANGUAGE_STANDARD = gnu99;
				GCC_DYNAMIC_NO_PIC = NO;
				GCC_NO_COMMON_BLOCKS = YES;
				GCC_OPTIMIZATION_LEVEL = 0;
				GCC_PREPROCESSOR_DEFINITIONS = (
					"DEBUG=1",
					"$(inherited)",
				);
				GCC_WARN_64_TO_32_BIT_CONVERSION = YES;
				GCC_WARN_ABOUT_RETURN_TYPE = YES_ERROR;
				GCC_WARN_UNDECLARED_SELECTOR = YES;
				GCC_WARN_UNINITIALIZED_AUTOS = YES_AGGRESSIVE;
				GCC_WARN_UNUSED_FUNCTION = YES;
				GCC_WARN_UNUSED_VARIABLE = YES;
				IPHONEOS_DEPLOYMENT_TARGET = 9.3;
				MTL_ENABLE_DEBUG_INFO = YES;
				ONLY_ACTIVE_ARCH = YES;
				SDKROOT = iphoneos;
				TARGETED_DEVICE_FAMILY = "1,2";
			};
			name = Debug;
		};
		B15BE6401D839A010014FBF0 /* Release */ = {
			isa = XCBuildConfiguration;
			buildSettings = {
				ALWAYS_SEARCH_USER_PATHS = NO;
				CLANG_ANALYZER_NONNULL = YES;
				CLANG_CXX_LANGUAGE_STANDARD = "gnu++0x";
				CLANG_CXX_LIBRARY = "libc++";
				CLANG_ENABLE_MODULES = YES;
				CLANG_ENABLE_OBJC_ARC = YES;
				CLANG_WARN_BOOL_CONVERSION = YES;
				CLANG_WARN_CONSTANT_CONVERSION = YES;
				CLANG_WARN_DIRECT_OBJC_ISA_USAGE = YES_ERROR;
				CLANG_WARN_EMPTY_BODY = YES;
				CLANG_WARN_ENUM_CONVERSION = YES;
				CLANG_WARN_INT_CONVERSION = YES;
				CLANG_WARN_OBJC_ROOT_CLASS = YES_ERROR;
				CLANG_WARN_UNREACHABLE_CODE = YES;
				CLANG_WARN__DUPLICATE_METHOD_MATCH = YES;
				"CODE_SIGN_IDENTITY[sdk=iphoneos*]" = "iPhone Developer";
				COPY_PHASE_STRIP = NO;
				DEBUG_INFORMATION_FORMAT = "dwarf-with-dsym";
				ENABLE_NS_ASSERTIONS = NO;
				ENABLE_STRICT_OBJC_MSGSEND = YES;
				GCC_C_LANGUAGE_STANDARD = gnu99;
				GCC_NO_COMMON_BLOCKS = YES;
				GCC_WARN_64_TO_32_BIT_CONVERSION = YES;
				GCC_WARN_ABOUT_RETURN_TYPE = YES_ERROR;
				GCC_WARN_UNDECLARED_SELECTOR = YES;
				GCC_WARN_UNINITIALIZED_AUTOS = YES_AGGRESSIVE;
				GCC_WARN_UNUSED_FUNCTION = YES;
				GCC_WARN_UNUSED_VARIABLE = YES;
				IPHONEOS_DEPLOYMENT_TARGET = 9.3;
				MTL_ENABLE_DEBUG_INFO = NO;
				SDKROOT = iphoneos;
				TARGETED_DEVICE_FAMILY = "1,2";
				VALIDATE_PRODUCT = YES;
			};
			name = Release;
		};
		B15BE6421D839A010014FBF0 /* Debug */ = {
			isa = XCBuildConfiguration;
			buildSettings = {
				ASSETCATALOG_COMPILER_APPICON_NAME = AppIcon;
				INFOPLIST_FILE = TaoBaoShoppingCart/Info.plist;
				LD_RUNPATH_SEARCH_PATHS = "$(inherited) @executable_path/Frameworks";
				PRODUCT_BUNDLE_IDENTIFIER = mikejing.TaoBaoShoppingCart;
				PRODUCT_NAME = "$(TARGET_NAME)";
			};
			name = Debug;
		};
		B15BE6431D839A010014FBF0 /* Release */ = {
			isa = XCBuildConfiguration;
			buildSettings = {
				ASSETCATALOG_COMPILER_APPICON_NAME = AppIcon;
				INFOPLIST_FILE = TaoBaoShoppingCart/Info.plist;
				LD_RUNPATH_SEARCH_PATHS = "$(inherited) @executable_path/Frameworks";
				PRODUCT_BUNDLE_IDENTIFIER = mikejing.TaoBaoShoppingCart;
				PRODUCT_NAME = "$(TARGET_NAME)";
			};
			name = Release;
		};
		B15BE6451D839A010014FBF0 /* Debug */ = {
			isa = XCBuildConfiguration;
			buildSettings = {
				BUNDLE_LOADER = "$(TEST_HOST)";
				INFOPLIST_FILE = TaoBaoShoppingCartTests/Info.plist;
				LD_RUNPATH_SEARCH_PATHS = "$(inherited) @executable_path/Frameworks @loader_path/Frameworks";
				PRODUCT_BUNDLE_IDENTIFIER = mikejing.TaoBaoShoppingCartTests;
				PRODUCT_NAME = "$(TARGET_NAME)";
				TEST_HOST = "$(BUILT_PRODUCTS_DIR)/TaoBaoShoppingCart.app/TaoBaoShoppingCart";
			};
			name = Debug;
		};
		B15BE6461D839A010014FBF0 /* Release */ = {
			isa = XCBuildConfiguration;
			buildSettings = {
				BUNDLE_LOADER = "$(TEST_HOST)";
				INFOPLIST_FILE = TaoBaoShoppingCartTests/Info.plist;
				LD_RUNPATH_SEARCH_PATHS = "$(inherited) @executable_path/Frameworks @loader_path/Frameworks";
				PRODUCT_BUNDLE_IDENTIFIER = mikejing.TaoBaoShoppingCartTests;
				PRODUCT_NAME = "$(TARGET_NAME)";
				TEST_HOST = "$(BUILT_PRODUCTS_DIR)/TaoBaoShoppingCart.app/TaoBaoShoppingCart";
			};
			name = Release;
		};
		B15BE6481D839A010014FBF0 /* Debug */ = {
			isa = XCBuildConfiguration;
			buildSettings = {
				INFOPLIST_FILE = TaoBaoShoppingCartUITests/Info.plist;
				LD_RUNPATH_SEARCH_PATHS = "$(inherited) @executable_path/Frameworks @loader_path/Frameworks";
				PRODUCT_BUNDLE_IDENTIFIER = mikejing.TaoBaoShoppingCartUITests;
				PRODUCT_NAME = "$(TARGET_NAME)";
				TEST_TARGET_NAME = TaoBaoShoppingCart;
			};
			name = Debug;
		};
		B15BE6491D839A010014FBF0 /* Release */ = {
			isa = XCBuildConfiguration;
			buildSettings = {
				INFOPLIST_FILE = TaoBaoShoppingCartUITests/Info.plist;
				LD_RUNPATH_SEARCH_PATHS = "$(inherited) @executable_path/Frameworks @loader_path/Frameworks";
				PRODUCT_BUNDLE_IDENTIFIER = mikejing.TaoBaoShoppingCartUITests;
				PRODUCT_NAME = "$(TARGET_NAME)";
				TEST_TARGET_NAME = TaoBaoShoppingCart;
			};
			name = Release;
		};
/* End XCBuildConfiguration section */

/* Begin XCConfigurationList section */
		B15BE60F1D839A000014FBF0 /* Build configuration list for PBXProject "TaoBaoShoppingCart" */ = {
			isa = XCConfigurationList;
			buildConfigurations = (
				B15BE63F1D839A010014FBF0 /* Debug */,
				B15BE6401D839A010014FBF0 /* Release */,
			);
			defaultConfigurationIsVisible = 0;
			defaultConfigurationName = Release;
		};
		B15BE6411D839A010014FBF0 /* Build configuration list for PBXNativeTarget "TaoBaoShoppingCart" */ = {
			isa = XCConfigurationList;
			buildConfigurations = (
				B15BE6421D839A010014FBF0 /* Debug */,
				B15BE6431D839A010014FBF0 /* Release */,
			);
			defaultConfigurationIsVisible = 0;
		};
		B15BE6441D839A010014FBF0 /* Build configuration list for PBXNativeTarget "TaoBaoShoppingCartTests" */ = {
			isa = XCConfigurationList;
			buildConfigurations = (
				B15BE6451D839A010014FBF0 /* Debug */,
				B15BE6461D839A010014FBF0 /* Release */,
			);
			defaultConfigurationIsVisible = 0;
		};
		B15BE6471D839A010014FBF0 /* Build configuration list for PBXNativeTarget "TaoBaoShoppingCartUITests" */ = {
			isa = XCConfigurationList;
			buildConfigurations = (
				B15BE6481D839A010014FBF0 /* Debug */,
				B15BE6491D839A010014FBF0 /* Release */,
			);
			defaultConfigurationIsVisible = 0;
		};
/* End XCConfigurationList section */
	};
	rootObject = B15BE60C1D839A000014FBF0 /* Project object */;
}
